{
  "originHash" : "b54d2137e3ec2003be6244ff4f0a529c156536b8e62080c858765428b1ee0e63",
  "pins" : [
    {
      "identity" : "moviro",
      "kind" : "remoteSourceControl",
      "location" : "https://github.com/ylapps/MoViRo",
      "state" : {
        "revision" : "25df5b8ffee718b7173d68165cf8e9df65099751",
        "version" : "1.3.1"
      }
    }
  ],
  "version" : 3
}
